// !$*UTF8*$!
{
	archiveVersion = 1;
	classes = {
	};
	objectVersion = 56;
	objects = {

/* Begin PBXBuildFile section */
		1918DA522AAA5E6D00456184 /* SugarRushApp.swift in Sources */ = {isa = PBXBuildFile; fileRef = 1918DA512AAA5E6D00456184 /* SugarRushApp.swift */; };
		1918DA562AAA5E7200456184 /* Assets.xcassets in Resources */ = {isa = PBXBuildFile; fileRef = 1918DA552AAA5E7200456184 /* Assets.xcassets */; };
		1918DA592AAA5E7200456184 /* Preview Assets.xcassets in Resources */ = {isa = PBXBuildFile; fileRef = 1918DA582AAA5E7200456184 /* Preview Assets.xcassets */; };
		1918DA832AAA604400456184 /* APIServiceProtocol.swift in Sources */ = {isa = PBXBuildFile; fileRef = 1918DA822AAA604400456184 /* APIServiceProtocol.swift */; };
		1918DA852AAA60BC00456184 /* APIService.swift in Sources */ = {isa = PBXBuildFile; fileRef = 1918DA842AAA60BC00456184 /* APIService.swift */; };
		1918DA872AAA671000456184 /* APIError.swift in Sources */ = {isa = PBXBuildFile; fileRef = 1918DA862AAA671000456184 /* APIError.swift */; };
		1918DA892AAA6B5700456184 /* NetworkManager.swift in Sources */ = {isa = PBXBuildFile; fileRef = 1918DA882AAA6B5700456184 /* NetworkManager.swift */; };
		1918DA8B2AAA7D4300456184 /* Dessert.swift in Sources */ = {isa = PBXBuildFile; fileRef = 1918DA8A2AAA7D4300456184 /* Dessert.swift */; };
		1918DA8D2AAA7E3E00456184 /* Meal.swift in Sources */ = {isa = PBXBuildFile; fileRef = 1918DA8C2AAA7E3E00456184 /* Meal.swift */; };
		1918DA8F2AAA80B300456184 /* MealsViewModel.swift in Sources */ = {isa = PBXBuildFile; fileRef = 1918DA8E2AAA80B300456184 /* MealsViewModel.swift */; };
		1918DA912AAA817700456184 /* Constants.swift in Sources */ = {isa = PBXBuildFile; fileRef = 1918DA902AAA817700456184 /* Constants.swift */; };
		1918DA952AAA85C500456184 /* DessertsViewModel.swift in Sources */ = {isa = PBXBuildFile; fileRef = 1918DA942AAA85C500456184 /* DessertsViewModel.swift */; };
		1918DA972AAA873100456184 /* DessertsListView.swift in Sources */ = {isa = PBXBuildFile; fileRef = 1918DA962AAA873100456184 /* DessertsListView.swift */; };
		1918DA992AAA908F00456184 /* HomeView.swift in Sources */ = {isa = PBXBuildFile; fileRef = 1918DA982AAA908F00456184 /* HomeView.swift */; };
		1918DA9E2AAA91B500456184 /* BodyTextView.swift in Sources */ = {isa = PBXBuildFile; fileRef = 1918DA9D2AAA91B500456184 /* BodyTextView.swift */; };
		1918DAA32AAA943400456184 /* ImageView.swift in Sources */ = {isa = PBXBuildFile; fileRef = 1918DAA22AAA943400456184 /* ImageView.swift */; };
		1918DAA52AAA945B00456184 /* CacheAsyncImage.swift in Sources */ = {isa = PBXBuildFile; fileRef = 1918DAA42AAA945B00456184 /* CacheAsyncImage.swift */; };
		1918DAAB2AABC2BC00456184 /* IngredientsView.swift in Sources */ = {isa = PBXBuildFile; fileRef = 1918DAAA2AABC2BC00456184 /* IngredientsView.swift */; };
		1918DAAD2AABEB7600456184 /* FavoritesView.swift in Sources */ = {isa = PBXBuildFile; fileRef = 1918DAAC2AABEB7600456184 /* FavoritesView.swift */; };
		1918DAAF2AABEB9500456184 /* FavoritesViewModel.swift in Sources */ = {isa = PBXBuildFile; fileRef = 1918DAAE2AABEB9500456184 /* FavoritesViewModel.swift */; };
		1918DABA2AAC175C00456184 /* APIServiceProtocol.swift in Sources */ = {isa = PBXBuildFile; fileRef = 1918DA822AAA604400456184 /* APIServiceProtocol.swift */; };
		1918DABB2AAC1DBF00456184 /* desserts_valid_response.json in Resources */ = {isa = PBXBuildFile; fileRef = 1918DAB92AAC154F00456184 /* desserts_valid_response.json */; };
		1918DABE2AAC255E00456184 /* desserts_valid_response.json in Resources */ = {isa = PBXBuildFile; fileRef = 1918DAB92AAC154F00456184 /* desserts_valid_response.json */; };
		1945C4A52AADF282002ABEAE /* ListRowView.swift in Sources */ = {isa = PBXBuildFile; fileRef = 1945C4A42AADF282002ABEAE /* ListRowView.swift */; };
		1945C4A72AADF34A002ABEAE /* DetailedItemView.swift in Sources */ = {isa = PBXBuildFile; fileRef = 1945C4A62AADF34A002ABEAE /* DetailedItemView.swift */; };
		1945C4A92AAE69E6002ABEAE /* AddToFavoritesView.swift in Sources */ = {isa = PBXBuildFile; fileRef = 1945C4A82AAE69E6002ABEAE /* AddToFavoritesView.swift */; };
		1945C4E32AAEA004002ABEAE /* HeaderTextView.swift in Sources */ = {isa = PBXBuildFile; fileRef = 1945C4E22AAEA004002ABEAE /* HeaderTextView.swift */; };
		1945C4E52AAEA7BE002ABEAE /* DessertsUnitTest.swift in Sources */ = {isa = PBXBuildFile; fileRef = 1945C4E42AAEA7BE002ABEAE /* DessertsUnitTest.swift */; };
		1945C4E92AAEA8A3002ABEAE /* desserts_invalid_response.json in Resources */ = {isa = PBXBuildFile; fileRef = 1945C4E82AAEA8A3002ABEAE /* desserts_invalid_response.json */; };
		1945C4EB2AAEA96B002ABEAE /* MealsUnitTest.swift in Sources */ = {isa = PBXBuildFile; fileRef = 1945C4EA2AAEA96B002ABEAE /* MealsUnitTest.swift */; };
		1945C4ED2AAEA97C002ABEAE /* meal_valid_response.json in Resources */ = {isa = PBXBuildFile; fileRef = 1945C4EC2AAEA97C002ABEAE /* meal_valid_response.json */; };
		1945C4EE2AAEAAC6002ABEAE /* meal_valid_response.json in Resources */ = {isa = PBXBuildFile; fileRef = 1945C4EC2AAEA97C002ABEAE /* meal_valid_response.json */; };
		1945C4F42AAEC2ED002ABEAE /* InstructionsView.swift in Sources */ = {isa = PBXBuildFile; fileRef = 1945C4F32AAEC2ED002ABEAE /* InstructionsView.swift */; };
		19F09A862AAC2833005D860C /* APIError.swift in Sources */ = {isa = PBXBuildFile; fileRef = 1918DA862AAA671000456184 /* APIError.swift */; };
		19F09A872AAC2912005D860C /* JSONMapper.swift in Sources */ = {isa = PBXBuildFile; fileRef = 1918DABC2AAC248900456184 /* JSONMapper.swift */; };
		19F09A892AACCEE7005D860C /* FavoritesUnitTest.swift in Sources */ = {isa = PBXBuildFile; fileRef = 19F09A882AACCEE7005D860C /* FavoritesUnitTest.swift */; };
		19F09A8B2AACD011005D860C /* LaunchView.swift in Sources */ = {isa = PBXBuildFile; fileRef = 19F09A8A2AACD011005D860C /* LaunchView.swift */; };
/* End PBXBuildFile section */

/* Begin PBXContainerItemProxy section */
		1918DA5F2AAA5E7300456184 /* PBXContainerItemProxy */ = {
			isa = PBXContainerItemProxy;
			containerPortal = 1918DA462AAA5E6C00456184 /* Project object */;
			proxyType = 1;
			remoteGlobalIDString = 1918DA4D2AAA5E6D00456184;
			remoteInfo = SugarRush;
		};
/* End PBXContainerItemProxy section */

/* Begin PBXFileReference section */
		1918DA4E2AAA5E6D00456184 /* SugarRush.app */ = {isa = PBXFileReference; explicitFileType = wrapper.application; includeInIndex = 0; path = SugarRush.app; sourceTree = BUILT_PRODUCTS_DIR; };
		1918DA512AAA5E6D00456184 /* SugarRushApp.swift */ = {isa = PBXFileReference; lastKnownFileType = sourcecode.swift; path = SugarRushApp.swift; sourceTree = "<group>"; };
		1918DA552AAA5E7200456184 /* Assets.xcassets */ = {isa = PBXFileReference; lastKnownFileType = folder.assetcatalog; path = Assets.xcassets; sourceTree = "<group>"; };
		1918DA582AAA5E7200456184 /* Preview Assets.xcassets */ = {isa = PBXFileReference; lastKnownFileType = folder.assetcatalog; path = "Preview Assets.xcassets"; sourceTree = "<group>"; };
		1918DA5E2AAA5E7300456184 /* SugarRushTests.xctest */ = {isa = PBXFileReference; explicitFileType = wrapper.cfbundle; includeInIndex = 0; path = SugarRushTests.xctest; sourceTree = BUILT_PRODUCTS_DIR; };
		1918DA822AAA604400456184 /* APIServiceProtocol.swift */ = {isa = PBXFileReference; lastKnownFileType = sourcecode.swift; path = APIServiceProtocol.swift; sourceTree = "<group>"; };
		1918DA842AAA60BC00456184 /* APIService.swift */ = {isa = PBXFileReference; lastKnownFileType = sourcecode.swift; path = APIService.swift; sourceTree = "<group>"; };
		1918DA862AAA671000456184 /* APIError.swift */ = {isa = PBXFileReference; lastKnownFileType = sourcecode.swift; path = APIError.swift; sourceTree = "<group>"; };
		1918DA882AAA6B5700456184 /* NetworkManager.swift */ = {isa = PBXFileReference; lastKnownFileType = sourcecode.swift; path = NetworkManager.swift; sourceTree = "<group>"; };
		1918DA8A2AAA7D4300456184 /* Dessert.swift */ = {isa = PBXFileReference; lastKnownFileType = sourcecode.swift; path = Dessert.swift; sourceTree = "<group>"; };
		1918DA8C2AAA7E3E00456184 /* Meal.swift */ = {isa = PBXFileReference; lastKnownFileType = sourcecode.swift; path = Meal.swift; sourceTree = "<group>"; };
		1918DA8E2AAA80B300456184 /* MealsViewModel.swift */ = {isa = PBXFileReference; lastKnownFileType = sourcecode.swift; path = MealsViewModel.swift; sourceTree = "<group>"; };
		1918DA902AAA817700456184 /* Constants.swift */ = {isa = PBXFileReference; lastKnownFileType = sourcecode.swift; path = Constants.swift; sourceTree = "<group>"; };
		1918DA942AAA85C500456184 /* DessertsViewModel.swift */ = {isa = PBXFileReference; lastKnownFileType = sourcecode.swift; path = DessertsViewModel.swift; sourceTree = "<group>"; };
		1918DA962AAA873100456184 /* DessertsListView.swift */ = {isa = PBXFileReference; lastKnownFileType = sourcecode.swift; path = DessertsListView.swift; sourceTree = "<group>"; };
		1918DA982AAA908F00456184 /* HomeView.swift */ = {isa = PBXFileReference; lastKnownFileType = sourcecode.swift; path = HomeView.swift; sourceTree = "<group>"; };
		1918DA9D2AAA91B500456184 /* BodyTextView.swift */ = {isa = PBXFileReference; lastKnownFileType = sourcecode.swift; path = BodyTextView.swift; sourceTree = "<group>"; };
		1918DAA22AAA943400456184 /* ImageView.swift */ = {isa = PBXFileReference; lastKnownFileType = sourcecode.swift; path = ImageView.swift; sourceTree = "<group>"; };
		1918DAA42AAA945B00456184 /* CacheAsyncImage.swift */ = {isa = PBXFileReference; lastKnownFileType = sourcecode.swift; path = CacheAsyncImage.swift; sourceTree = "<group>"; };
		1918DAAA2AABC2BC00456184 /* IngredientsView.swift */ = {isa = PBXFileReference; lastKnownFileType = sourcecode.swift; path = IngredientsView.swift; sourceTree = "<group>"; };
		1918DAAC2AABEB7600456184 /* FavoritesView.swift */ = {isa = PBXFileReference; lastKnownFileType = sourcecode.swift; path = FavoritesView.swift; sourceTree = "<group>"; };
		1918DAAE2AABEB9500456184 /* FavoritesViewModel.swift */ = {isa = PBXFileReference; lastKnownFileType = sourcecode.swift; path = FavoritesViewModel.swift; sourceTree = "<group>"; };
		1918DAB92AAC154F00456184 /* desserts_valid_response.json */ = {isa = PBXFileReference; fileEncoding = 4; lastKnownFileType = text.json; path = desserts_valid_response.json; sourceTree = "<group>"; };
		1918DABC2AAC248900456184 /* JSONMapper.swift */ = {isa = PBXFileReference; lastKnownFileType = sourcecode.swift; path = JSONMapper.swift; sourceTree = "<group>"; };
		1945C4A42AADF282002ABEAE /* ListRowView.swift */ = {isa = PBXFileReference; lastKnownFileType = sourcecode.swift; path = ListRowView.swift; sourceTree = "<group>"; };
		1945C4A62AADF34A002ABEAE /* DetailedItemView.swift */ = {isa = PBXFileReference; lastKnownFileType = sourcecode.swift; path = DetailedItemView.swift; sourceTree = "<group>"; };
		1945C4A82AAE69E6002ABEAE /* AddToFavoritesView.swift */ = {isa = PBXFileReference; lastKnownFileType = sourcecode.swift; path = AddToFavoritesView.swift; sourceTree = "<group>"; };
		1945C4E22AAEA004002ABEAE /* HeaderTextView.swift */ = {isa = PBXFileReference; lastKnownFileType = sourcecode.swift; path = HeaderTextView.swift; sourceTree = "<group>"; };
		1945C4E42AAEA7BE002ABEAE /* DessertsUnitTest.swift */ = {isa = PBXFileReference; lastKnownFileType = sourcecode.swift; path = DessertsUnitTest.swift; sourceTree = "<group>"; };
		1945C4E82AAEA8A3002ABEAE /* desserts_invalid_response.json */ = {isa = PBXFileReference; lastKnownFileType = text.json; path = desserts_invalid_response.json; sourceTree = "<group>"; };
		1945C4EA2AAEA96B002ABEAE /* MealsUnitTest.swift */ = {isa = PBXFileReference; lastKnownFileType = sourcecode.swift; path = MealsUnitTest.swift; sourceTree = "<group>"; };
		1945C4EC2AAEA97C002ABEAE /* meal_valid_response.json */ = {isa = PBXFileReference; lastKnownFileType = text.json; path = meal_valid_response.json; sourceTree = "<group>"; };
		1945C4F22AAEB3E0002ABEAE /* Info.plist */ = {isa = PBXFileReference; lastKnownFileType = text.plist; path = Info.plist; sourceTree = "<group>"; };
		1945C4F32AAEC2ED002ABEAE /* InstructionsView.swift */ = {isa = PBXFileReference; lastKnownFileType = sourcecode.swift; path = InstructionsView.swift; sourceTree = "<group>"; };
		19F09A882AACCEE7005D860C /* FavoritesUnitTest.swift */ = {isa = PBXFileReference; lastKnownFileType = sourcecode.swift; path = FavoritesUnitTest.swift; sourceTree = "<group>"; };
		19F09A8A2AACD011005D860C /* LaunchView.swift */ = {isa = PBXFileReference; lastKnownFileType = sourcecode.swift; path = LaunchView.swift; sourceTree = "<group>"; };
/* End PBXFileReference section */

/* Begin PBXFrameworksBuildPhase section */
		1918DA4B2AAA5E6D00456184 /* Frameworks */ = {
			isa = PBXFrameworksBuildPhase;
			buildActionMask = 2147483647;
			files = (
			);
			runOnlyForDeploymentPostprocessing = 0;
		};
		1918DA5B2AAA5E7300456184 /* Frameworks */ = {
			isa = PBXFrameworksBuildPhase;
			buildActionMask = 2147483647;
			files = (
			);
			runOnlyForDeploymentPostprocessing = 0;
		};
/* End PBXFrameworksBuildPhase section */

/* Begin PBXGroup section */
		1918DA452AAA5E6C00456184 = {
			isa = PBXGroup;
			children = (
				1918DA502AAA5E6D00456184 /* SugarRush */,
				1918DA612AAA5E7300456184 /* SugarRushTests */,
				1918DA4F2AAA5E6D00456184 /* Products */,
			);
			sourceTree = "<group>";
		};
		1918DA4F2AAA5E6D00456184 /* Products */ = {
			isa = PBXGroup;
			children = (
				1918DA4E2AAA5E6D00456184 /* SugarRush.app */,
				1918DA5E2AAA5E7300456184 /* SugarRushTests.xctest */,
			);
			name = Products;
			sourceTree = "<group>";
		};
		1918DA502AAA5E6D00456184 /* SugarRush */ = {
			isa = PBXGroup;
			children = (
				1945C4F22AAEB3E0002ABEAE /* Info.plist */,
				1918DA7F2AAA600400456184 /* App */,
				1918DA7E2AAA5EBD00456184 /* Networking */,
				1918DA7B2AAA5EA300456184 /* Model */,
				1918DA7D2AAA5EB300456184 /* ViewModels */,
				1918DA7C2AAA5EAA00456184 /* Views */,
				1918DA9F2AAA939100456184 /* Utilities */,
			);
			path = SugarRush;
			sourceTree = "<group>";
		};
		1918DA572AAA5E7200456184 /* Preview Content */ = {
			isa = PBXGroup;
			children = (
				1918DA582AAA5E7200456184 /* Preview Assets.xcassets */,
			);
			path = "Preview Content";
			sourceTree = "<group>";
		};
		1918DA612AAA5E7300456184 /* SugarRushTests */ = {
			isa = PBXGroup;
			children = (
				1918DABC2AAC248900456184 /* JSONMapper.swift */,
				1945C4E42AAEA7BE002ABEAE /* DessertsUnitTest.swift */,
				1945C4EA2AAEA96B002ABEAE /* MealsUnitTest.swift */,
				19F09A882AACCEE7005D860C /* FavoritesUnitTest.swift */,
				1945C4E82AAEA8A3002ABEAE /* desserts_invalid_response.json */,
				1945C4EC2AAEA97C002ABEAE /* meal_valid_response.json */,
				1918DAB92AAC154F00456184 /* desserts_valid_response.json */,
			);
			path = SugarRushTests;
			sourceTree = "<group>";
		};
		1918DA7B2AAA5EA300456184 /* Model */ = {
			isa = PBXGroup;
			children = (
				1918DA8A2AAA7D4300456184 /* Dessert.swift */,
				1918DA8C2AAA7E3E00456184 /* Meal.swift */,
			);
			path = Model;
			sourceTree = "<group>";
		};
		1918DA7C2AAA5EAA00456184 /* Views */ = {
			isa = PBXGroup;
			children = (
				19F09A8A2AACD011005D860C /* LaunchView.swift */,
				1918DA982AAA908F00456184 /* HomeView.swift */,
				1918DA962AAA873100456184 /* DessertsListView.swift */,
				1945C4A62AADF34A002ABEAE /* DetailedItemView.swift */,
				1918DAAC2AABEB7600456184 /* FavoritesView.swift */,
				1918DA9A2AAA916D00456184 /* Custom */,
			);
			path = Views;
			sourceTree = "<group>";
		};
		1918DA7D2AAA5EB300456184 /* ViewModels */ = {
			isa = PBXGroup;
			children = (
				1918DA8E2AAA80B300456184 /* MealsViewModel.swift */,
				1918DA942AAA85C500456184 /* DessertsViewModel.swift */,
				1918DAAE2AABEB9500456184 /* FavoritesViewModel.swift */,
			);
			path = ViewModels;
			sourceTree = "<group>";
		};
		1918DA7E2AAA5EBD00456184 /* Networking */ = {
			isa = PBXGroup;
			children = (
				1918DA822AAA604400456184 /* APIServiceProtocol.swift */,
				1918DA882AAA6B5700456184 /* NetworkManager.swift */,
				1918DA842AAA60BC00456184 /* APIService.swift */,
				1918DA862AAA671000456184 /* APIError.swift */,
			);
			path = Networking;
			sourceTree = "<group>";
		};
		1918DA7F2AAA600400456184 /* App */ = {
			isa = PBXGroup;
			children = (
				1918DA512AAA5E6D00456184 /* SugarRushApp.swift */,
				1918DA552AAA5E7200456184 /* Assets.xcassets */,
				1918DA572AAA5E7200456184 /* Preview Content */,
			);
			path = App;
			sourceTree = "<group>";
		};
		1918DA9A2AAA916D00456184 /* Custom */ = {
			isa = PBXGroup;
			children = (
				1918DAA22AAA943400456184 /* ImageView.swift */,
				1945C4A42AADF282002ABEAE /* ListRowView.swift */,
				1945C4A82AAE69E6002ABEAE /* AddToFavoritesView.swift */,
				1918DA9D2AAA91B500456184 /* BodyTextView.swift */,
				1918DAAA2AABC2BC00456184 /* IngredientsView.swift */,
				1945C4F32AAEC2ED002ABEAE /* InstructionsView.swift */,
				1945C4E22AAEA004002ABEAE /* HeaderTextView.swift */,
			);
			path = Custom;
			sourceTree = "<group>";
		};
		1918DA9F2AAA939100456184 /* Utilities */ = {
			isa = PBXGroup;
			children = (
				1918DA902AAA817700456184 /* Constants.swift */,
				1918DAA42AAA945B00456184 /* CacheAsyncImage.swift */,
			);
			path = Utilities;
			sourceTree = "<group>";
		};
/* End PBXGroup section */

/* Begin PBXNativeTarget section */
		1918DA4D2AAA5E6D00456184 /* SugarRush */ = {
			isa = PBXNativeTarget;
			buildConfigurationList = 1918DA722AAA5E7300456184 /* Build configuration list for PBXNativeTarget "SugarRush" */;
			buildPhases = (
				1918DA4A2AAA5E6D00456184 /* Sources */,
				1918DA4B2AAA5E6D00456184 /* Frameworks */,
				1918DA4C2AAA5E6D00456184 /* Resources */,
			);
			buildRules = (
			);
			dependencies = (
			);
			name = SugarRush;
			productName = SugarRush;
			productReference = 1918DA4E2AAA5E6D00456184 /* SugarRush.app */;
			productType = "com.apple.product-type.application";
		};
		1918DA5D2AAA5E7300456184 /* SugarRushTests */ = {
			isa = PBXNativeTarget;
			buildConfigurationList = 1918DA752AAA5E7300456184 /* Build configuration list for PBXNativeTarget "SugarRushTests" */;
			buildPhases = (
				1918DA5A2AAA5E7300456184 /* Sources */,
				1918DA5B2AAA5E7300456184 /* Frameworks */,
				1918DA5C2AAA5E7300456184 /* Resources */,
			);
			buildRules = (
			);
			dependencies = (
				1918DA602AAA5E7300456184 /* PBXTargetDependency */,
			);
			name = SugarRushTests;
			productName = SugarRushTests;
			productReference = 1918DA5E2AAA5E7300456184 /* SugarRushTests.xctest */;
			productType = "com.apple.product-type.bundle.unit-test";
		};
/* End PBXNativeTarget section */

/* Begin PBXProject section */
		1918DA462AAA5E6C00456184 /* Project object */ = {
			isa = PBXProject;
			attributes = {
				BuildIndependentTargetsInParallel = 1;
				LastSwiftUpdateCheck = 1430;
				LastUpgradeCheck = 1430;
				TargetAttributes = {
					1918DA4D2AAA5E6D00456184 = {
						CreatedOnToolsVersion = 14.3;
					};
					1918DA5D2AAA5E7300456184 = {
						CreatedOnToolsVersion = 14.3;
						TestTargetID = 1918DA4D2AAA5E6D00456184;
					};
				};
			};
			buildConfigurationList = 1918DA492AAA5E6C00456184 /* Build configuration list for PBXProject "SugarRush" */;
			compatibilityVersion = "Xcode 14.0";
			developmentRegion = en;
			hasScannedForEncodings = 0;
			knownRegions = (
				en,
				Base,
			);
			mainGroup = 1918DA452AAA5E6C00456184;
			productRefGroup = 1918DA4F2AAA5E6D00456184 /* Products */;
			projectDirPath = "";
			projectRoot = "";
			targets = (
				1918DA4D2AAA5E6D00456184 /* SugarRush */,
				1918DA5D2AAA5E7300456184 /* SugarRushTests */,
			);
		};
/* End PBXProject section */

/* Begin PBXResourcesBuildPhase section */
		1918DA4C2AAA5E6D00456184 /* Resources */ = {
			isa = PBXResourcesBuildPhase;
			buildActionMask = 2147483647;
			files = (
				1945C4EE2AAEAAC6002ABEAE /* meal_valid_response.json in Resources */,
				1918DA592AAA5E7200456184 /* Preview Assets.xcassets in Resources */,
				1918DABE2AAC255E00456184 /* desserts_valid_response.json in Resources */,
				1918DA562AAA5E7200456184 /* Assets.xcassets in Resources */,
			);
			runOnlyForDeploymentPostprocessing = 0;
		};
		1918DA5C2AAA5E7300456184 /* Resources */ = {
			isa = PBXResourcesBuildPhase;
			buildActionMask = 2147483647;
			files = (
				1945C4ED2AAEA97C002ABEAE /* meal_valid_response.json in Resources */,
				1918DABB2AAC1DBF00456184 /* desserts_valid_response.json in Resources */,
				1945C4E92AAEA8A3002ABEAE /* desserts_invalid_response.json in Resources */,
			);
			runOnlyForDeploymentPostprocessing = 0;
		};
/* End PBXResourcesBuildPhase section */

/* Begin PBXSourcesBuildPhase section */
		1918DA4A2AAA5E6D00456184 /* Sources */ = {
			isa = PBXSourcesBuildPhase;
			buildActionMask = 2147483647;
			files = (
				1918DAAD2AABEB7600456184 /* FavoritesView.swift in Sources */,
				1918DA892AAA6B5700456184 /* NetworkManager.swift in Sources */,
				1945C4F42AAEC2ED002ABEAE /* InstructionsView.swift in Sources */,
				1918DA832AAA604400456184 /* APIServiceProtocol.swift in Sources */,
				1918DA952AAA85C500456184 /* DessertsViewModel.swift in Sources */,
				1918DA992AAA908F00456184 /* HomeView.swift in Sources */,
				1918DA8B2AAA7D4300456184 /* Dessert.swift in Sources */,
				1945C4A72AADF34A002ABEAE /* DetailedItemView.swift in Sources */,
				1918DA852AAA60BC00456184 /* APIService.swift in Sources */,
				1945C4E32AAEA004002ABEAE /* HeaderTextView.swift in Sources */,
				1918DA8D2AAA7E3E00456184 /* Meal.swift in Sources */,
				19F09A8B2AACD011005D860C /* LaunchView.swift in Sources */,
				1945C4A92AAE69E6002ABEAE /* AddToFavoritesView.swift in Sources */,
				1945C4A52AADF282002ABEAE /* ListRowView.swift in Sources */,
				1918DA912AAA817700456184 /* Constants.swift in Sources */,
				1918DAA32AAA943400456184 /* ImageView.swift in Sources */,
				1918DAAB2AABC2BC00456184 /* IngredientsView.swift in Sources */,
				1918DA8F2AAA80B300456184 /* MealsViewModel.swift in Sources */,
				1918DA972AAA873100456184 /* DessertsListView.swift in Sources */,
				1918DAAF2AABEB9500456184 /* FavoritesViewModel.swift in Sources */,
				1918DA9E2AAA91B500456184 /* BodyTextView.swift in Sources */,
				1918DA522AAA5E6D00456184 /* SugarRushApp.swift in Sources */,
				1918DA872AAA671000456184 /* APIError.swift in Sources */,
				1918DAA52AAA945B00456184 /* CacheAsyncImage.swift in Sources */,
			);
			runOnlyForDeploymentPostprocessing = 0;
		};
		1918DA5A2AAA5E7300456184 /* Sources */ = {
			isa = PBXSourcesBuildPhase;
			buildActionMask = 2147483647;
			files = (
				1945C4EB2AAEA96B002ABEAE /* MealsUnitTest.swift in Sources */,
				19F09A892AACCEE7005D860C /* FavoritesUnitTest.swift in Sources */,
				19F09A872AAC2912005D860C /* JSONMapper.swift in Sources */,
				1918DABA2AAC175C00456184 /* APIServiceProtocol.swift in Sources */,
				19F09A862AAC2833005D860C /* APIError.swift in Sources */,
				1945C4E52AAEA7BE002ABEAE /* DessertsUnitTest.swift in Sources */,
			);
			runOnlyForDeploymentPostprocessing = 0;
		};
/* End PBXSourcesBuildPhase section */

/* Begin PBXTargetDependency section */
		1918DA602AAA5E7300456184 /* PBXTargetDependency */ = {
			isa = PBXTargetDependency;
			target = 1918DA4D2AAA5E6D00456184 /* SugarRush */;
			targetProxy = 1918DA5F2AAA5E7300456184 /* PBXContainerItemProxy */;
		};
/* End PBXTargetDependency section */

/* Begin XCBuildConfiguration section */
		1918DA702AAA5E7300456184 /* Debug */ = {
			isa = XCBuildConfiguration;
			buildSettings = {
				ALWAYS_SEARCH_USER_PATHS = NO;
				CLANG_ANALYZER_NONNULL = YES;
				CLANG_ANALYZER_NUMBER_OBJECT_CONVERSION = YES_AGGRESSIVE;
				CLANG_CXX_LANGUAGE_STANDARD = "gnu++20";
				CLANG_ENABLE_MODULES = YES;
				CLANG_ENABLE_OBJC_ARC = YES;
				CLANG_ENABLE_OBJC_WEAK = YES;
				CLANG_WARN_BLOCK_CAPTURE_AUTORELEASING = YES;
				CLANG_WARN_BOOL_CONVERSION = YES;
				CLANG_WARN_COMMA = YES;
				CLANG_WARN_CONSTANT_CONVERSION = YES;
				CLANG_WARN_DEPRECATED_OBJC_IMPLEMENTATIONS = YES;
				CLANG_WARN_DIRECT_OBJC_ISA_USAGE = YES_ERROR;
				CLANG_WARN_DOCUMENTATION_COMMENTS = YES;
				CLANG_WARN_EMPTY_BODY = YES;
				CLANG_WARN_ENUM_CONVERSION = YES;
				CLANG_WARN_INFINITE_RECURSION = YES;
				CLANG_WARN_INT_CONVERSION = YES;
				CLANG_WARN_NON_LITERAL_NULL_CONVERSION = YES;
				CLANG_WARN_OBJC_IMPLICIT_RETAIN_SELF = YES;
				CLANG_WARN_OBJC_LITERAL_CONVERSION = YES;
				CLANG_WARN_OBJC_ROOT_CLASS = YES_ERROR;
				CLANG_WARN_QUOTED_INCLUDE_IN_FRAMEWORK_HEADER = YES;
				CLANG_WARN_RANGE_LOOP_ANALYSIS = YES;
				CLANG_WARN_STRICT_PROTOTYPES = YES;
				CLANG_WARN_SUSPICIOUS_MOVE = YES;
				CLANG_WARN_UNGUARDED_AVAILABILITY = YES_AGGRESSIVE;
				CLANG_WARN_UNREACHABLE_CODE = YES;
				CLANG_WARN__DUPLICATE_METHOD_MATCH = YES;
				COPY_PHASE_STRIP = NO;
				DEBUG_INFORMATION_FORMAT = dwarf;
				ENABLE_STRICT_OBJC_MSGSEND = YES;
				ENABLE_TESTABILITY = YES;
				GCC_C_LANGUAGE_STANDARD = gnu11;
				GCC_DYNAMIC_NO_PIC = NO;
				GCC_NO_COMMON_BLOCKS = YES;
				GCC_OPTIMIZATION_LEVEL = 0;
				GCC_PREPROCESSOR_DEFINITIONS = (
					"DEBUG=1",
					"$(inherited)",
				);
				GCC_WARN_64_TO_32_BIT_CONVERSION = YES;
				GCC_WARN_ABOUT_RETURN_TYPE = YES_ERROR;
				GCC_WARN_UNDECLARED_SELECTOR = YES;
				GCC_WARN_UNINITIALIZED_AUTOS = YES_AGGRESSIVE;
				GCC_WARN_UNUSED_FUNCTION = YES;
				GCC_WARN_UNUSED_VARIABLE = YES;
				INFOPLIST_KEY_UILaunchScreen_Generation = NO;
				IPHONEOS_DEPLOYMENT_TARGET = 16.4;
				MTL_ENABLE_DEBUG_INFO = INCLUDE_SOURCE;
				MTL_FAST_MATH = YES;
				ONLY_ACTIVE_ARCH = YES;
				SDKROOT = iphoneos;
				SWIFT_ACTIVE_COMPILATION_CONDITIONS = DEBUG;
				SWIFT_OPTIMIZATION_LEVEL = "-Onone";
			};
			name = Debug;
		};
		1918DA712AAA5E7300456184 /* Release */ = {
			isa = XCBuildConfiguration;
			buildSettings = {
				ALWAYS_SEARCH_USER_PATHS = NO;
				CLANG_ANALYZER_NONNULL = YES;
				CLANG_ANALYZER_NUMBER_OBJECT_CONVERSION = YES_AGGRESSIVE;
				CLANG_CXX_LANGUAGE_STANDARD = "gnu++20";
				CLANG_ENABLE_MODULES = YES;
				CLANG_ENABLE_OBJC_ARC = YES;
				CLANG_ENABLE_OBJC_WEAK = YES;
				CLANG_WARN_BLOCK_CAPTURE_AUTORELEASING = YES;
				CLANG_WARN_BOOL_CONVERSION = YES;
				CLANG_WARN_COMMA = YES;
				CLANG_WARN_CONSTANT_CONVERSION = YES;
				CLANG_WARN_DEPRECATED_OBJC_IMPLEMENTATIONS = YES;
				CLANG_WARN_DIRECT_OBJC_ISA_USAGE = YES_ERROR;
				CLANG_WARN_DOCUMENTATION_COMMENTS = YES;
				CLANG_WARN_EMPTY_BODY = YES;
				CLANG_WARN_ENUM_CONVERSION = YES;
				CLANG_WARN_INFINITE_RECURSION = YES;
				CLANG_WARN_INT_CONVERSION = YES;
				CLANG_WARN_NON_LITERAL_NULL_CONVERSION = YES;
				CLANG_WARN_OBJC_IMPLICIT_RETAIN_SELF = YES;
				CLANG_WARN_OBJC_LITERAL_CONVERSION = YES;
				CLANG_WARN_OBJC_ROOT_CLASS = YES_ERROR;
				CLANG_WARN_QUOTED_INCLUDE_IN_FRAMEWORK_HEADER = YES;
				CLANG_WARN_RANGE_LOOP_ANALYSIS = YES;
				CLANG_WARN_STRICT_PROTOTYPES = YES;
				CLANG_WARN_SUSPICIOUS_MOVE = YES;
				CLANG_WARN_UNGUARDED_AVAILABILITY = YES_AGGRESSIVE;
				CLANG_WARN_UNREACHABLE_CODE = YES;
				CLANG_WARN__DUPLICATE_METHOD_MATCH = YES;
				COPY_PHASE_STRIP = NO;
				DEBUG_INFORMATION_FORMAT = "dwarf-with-dsym";
				ENABLE_NS_ASSERTIONS = NO;
				ENABLE_STRICT_OBJC_MSGSEND = YES;
				GCC_C_LANGUAGE_STANDARD = gnu11;
				GCC_NO_COMMON_BLOCKS = YES;
				GCC_WARN_64_TO_32_BIT_CONVERSION = YES;
				GCC_WARN_ABOUT_RETURN_TYPE = YES_ERROR;
				GCC_WARN_UNDECLARED_SELECTOR = YES;
				GCC_WARN_UNINITIALIZED_AUTOS = YES_AGGRESSIVE;
				GCC_WARN_UNUSED_FUNCTION = YES;
				GCC_WARN_UNUSED_VARIABLE = YES;
				INFOPLIST_KEY_UILaunchScreen_Generation = NO;
				IPHONEOS_DEPLOYMENT_TARGET = 16.4;
				MTL_ENABLE_DEBUG_INFO = NO;
				MTL_FAST_MATH = YES;
				SDKROOT = iphoneos;
				SWIFT_COMPILATION_MODE = wholemodule;
				SWIFT_OPTIMIZATION_LEVEL = "-O";
				VALIDATE_PRODUCT = YES;
			};
			name = Release;
		};
		1918DA732AAA5E7300456184 /* Debug */ = {
			isa = XCBuildConfiguration;
			buildSettings = {
				ASSETCATALOG_COMPILER_APPICON_NAME = AppIcon;
				ASSETCATALOG_COMPILER_GLOBAL_ACCENT_COLOR_NAME = AccentColor;
				CODE_SIGN_STYLE = Automatic;
				CURRENT_PROJECT_VERSION = 1;
				DEVELOPMENT_ASSET_PATHS = "\"SugarRush/App/Preview Content\"";
				DEVELOPMENT_TEAM = QQ68G99VDN;
				ENABLE_PREVIEWS = YES;
				GENERATE_INFOPLIST_FILE = YES;
				INFOPLIST_FILE = SugarRush/Info.plist;
				INFOPLIST_KEY_UIApplicationSceneManifest_Generation = YES;
				INFOPLIST_KEY_UIApplicationSupportsIndirectInputEvents = YES;
				INFOPLIST_KEY_UILaunchStoryboardName = "Launch Screen.storyboard";
				INFOPLIST_KEY_UIStatusBarStyle = "";
				INFOPLIST_KEY_UISupportedInterfaceOrientations = UIInterfaceOrientationPortrait;
				LD_RUNPATH_SEARCH_PATHS = (
					"$(inherited)",
					"@executable_path/Frameworks",
				);
				MARKETING_VERSION = 1.0;
				PRODUCT_BUNDLE_IDENTIFIER = co.jameel.SugarRush;
				PRODUCT_NAME = "$(TARGET_NAME)";
				SWIFT_EMIT_LOC_STRINGS = YES;
				SWIFT_VERSION = 5.0;
				TARGETED_DEVICE_FAMILY = "1,2";
			};
			name = Debug;
		};
		1918DA742AAA5E7300456184 /* Release */ = {
			isa = XCBuildConfiguration;
			buildSettings = {
				ASSETCATALOG_COMPILER_APPICON_NAME = AppIcon;
				ASSETCATALOG_COMPILER_GLOBAL_ACCENT_COLOR_NAME = AccentColor;
				CODE_SIGN_STYLE = Automatic;
				CURRENT_PROJECT_VERSION = 1;
				DEVELOPMENT_ASSET_PATHS = "\"SugarRush/App/Preview Content\"";
				DEVELOPMENT_TEAM = QQ68G99VDN;
				ENABLE_PREVIEWS = YES;
				GENERATE_INFOPLIST_FILE = YES;
				INFOPLIST_FILE = SugarRush/Info.plist;
				INFOPLIST_KEY_UIApplicationSceneManifest_Generation = YES;
				INFOPLIST_KEY_UIApplicationSupportsIndirectInputEvents = YES;
				INFOPLIST_KEY_UILaunchStoryboardName = "Launch Screen.storyboard";
				INFOPLIST_KEY_UIStatusBarStyle = "";
				INFOPLIST_KEY_UISupportedInterfaceOrientations = UIInterfaceOrientationPortrait;
				LD_RUNPATH_SEARCH_PATHS = (
					"$(inherited)",
					"@executable_path/Frameworks",
				);
				MARKETING_VERSION = 1.0;
				PRODUCT_BUNDLE_IDENTIFIER = co.jameel.SugarRush;
				PRODUCT_NAME = "$(TARGET_NAME)";
				SWIFT_EMIT_LOC_STRINGS = YES;
				SWIFT_VERSION = 5.0;
				TARGETED_DEVICE_FAMILY = "1,2";
			};
			name = Release;
		};
		1918DA762AAA5E7300456184 /* Debug */ = {
			isa = XCBuildConfiguration;
			buildSettings = {
				ALWAYS_EMBED_SWIFT_STANDARD_LIBRARIES = YES;
				BUNDLE_LOADER = "$(TEST_HOST)";
				CODE_SIGN_STYLE = Automatic;
				CURRENT_PROJECT_VERSION = 1;
				DEVELOPMENT_TEAM = QQ68G99VDN;
				GENERATE_INFOPLIST_FILE = YES;
				IPHONEOS_DEPLOYMENT_TARGET = 16.4;
				MARKETING_VERSION = 1.0;
				PRODUCT_BUNDLE_IDENTIFIER = co.jameel.SugarRushTests;
				PRODUCT_NAME = "$(TARGET_NAME)";
				SWIFT_EMIT_LOC_STRINGS = NO;
				SWIFT_VERSION = 5.0;
				TARGETED_DEVICE_FAMILY = "1,2";
				TEST_HOST = "$(BUILT_PRODUCTS_DIR)/SugarRush.app/$(BUNDLE_EXECUTABLE_FOLDER_PATH)/SugarRush";
			};
			name = Debug;
		};
		1918DA772AAA5E7300456184 /* Release */ = {
			isa = XCBuildConfiguration;
			buildSettings = {
				ALWAYS_EMBED_SWIFT_STANDARD_LIBRARIES = YES;
				BUNDLE_LOADER = "$(TEST_HOST)";
				CODE_SIGN_STYLE = Automatic;
				CURRENT_PROJECT_VERSION = 1;
				DEVELOPMENT_TEAM = QQ68G99VDN;
				GENERATE_INFOPLIST_FILE = YES;
				IPHONEOS_DEPLOYMENT_TARGET = 16.4;
				MARKETING_VERSION = 1.0;
				PRODUCT_BUNDLE_IDENTIFIER = co.jameel.SugarRushTests;
				PRODUCT_NAME = "$(TARGET_NAME)";
				SWIFT_EMIT_LOC_STRINGS = NO;
				SWIFT_VERSION = 5.0;
				TARGETED_DEVICE_FAMILY = "1,2";
				TEST_HOST = "$(BUILT_PRODUCTS_DIR)/SugarRush.app/$(BUNDLE_EXECUTABLE_FOLDER_PATH)/SugarRush";
			};
			name = Release;
		};
/* End XCBuildConfiguration section */

/* Begin XCConfigurationList section */
		1918DA492AAA5E6C00456184 /* Build configuration list for PBXProject "SugarRush" */ = {
			isa = XCConfigurationList;
			buildConfigurations = (
				1918DA702AAA5E7300456184 /* Debug */,
				1918DA712AAA5E7300456184 /* Release */,
			);
			defaultConfigurationIsVisible = 0;
			defaultConfigurationName = Release;
		};
		1918DA722AAA5E7300456184 /* Build configuration list for PBXNativeTarget "SugarRush" */ = {
			isa = XCConfigurationList;
			buildConfigurations = (
				1918DA732AAA5E7300456184 /* Debug */,
				1918DA742AAA5E7300456184 /* Release */,
			);
			defaultConfigurationIsVisible = 0;
			defaultConfigurationName = Release;
		};
		1918DA752AAA5E7300456184 /* Build configuration list for PBXNativeTarget "SugarRushTests" */ = {
			isa = XCConfigurationList;
			buildConfigurations = (
				1918DA762AAA5E7300456184 /* Debug */,
				1918DA772AAA5E7300456184 /* Release */,
			);
			defaultConfigurationIsVisible = 0;
			defaultConfigurationName = Release;
		};
/* End XCConfigurationList section */
	};
	rootObject = 1918DA462AAA5E6C00456184 /* Project object */;
}
